
Microsoft Visual Studio Solution File, Format Version 12.00
# Visual Studio Version 17
VisualStudioVersion = 17.5.33103.201
MinimumVisualStudioVersion = 10.0.40219.1
Project("{2150E333-8FDC-42A3-9474-1A3956D46DE8}") = "1 - Presentation", "1 - Presentation", "{30135A4F-C631-409D-B6A8-6E6D935CB912}"
EndProject
Project("{FAE04EC0-301F-11D3-BF4B-00C04F79EFBC}") = "VictoryRestaurant.Foods.Presentation", "VictoryRestaurant.Foods.Presentation\VictoryRestaurant.Foods.Presentation.csproj", "{CA351D8A-98E3-4B60-9FC8-2C078D8DE588}"
EndProject
Global
	GlobalSection(SolutionConfigurationPlatforms) = preSolution
		Debug|Any CPU = Debug|Any CPU
		Release|Any CPU = Release|Any CPU
	EndGlobalSection
	GlobalSection(ProjectConfigurationPlatforms) = postSolution
		{CA351D8A-98E3-4B60-9FC8-2C078D8DE588}.Debug|Any CPU.ActiveCfg = Debug|Any CPU
		{CA351D8A-98E3-4B60-9FC8-2C078D8DE588}.Debug|Any CPU.Build.0 = Debug|Any CPU
		{CA351D8A-98E3-4B60-9FC8-2C078D8DE588}.Release|Any CPU.ActiveCfg = Release|Any CPU
		{CA351D8A-98E3-4B60-9FC8-2C078D8DE588}.Release|Any CPU.Build.0 = Release|Any CPU
	EndGlobalSection
	GlobalSection(SolutionProperties) = preSolution
		HideSolutionNode = FALSE
	EndGlobalSection
	GlobalSection(NestedProjects) = preSolution
		{CA351D8A-98E3-4B60-9FC8-2C078D8DE588} = {30135A4F-C631-409D-B6A8-6E6D935CB912}
	EndGlobalSection
	GlobalSection(ExtensibilityGlobals) = postSolution
		SolutionGuid = {05B5D777-0625-4715-B206-869C5F4EC7D9}
	EndGlobalSection
EndGlobal
